# This file is automatically @generated by Poetry 1.7.1 and should not be changed by hand.

[[package]]
name = "certifi"
version = "2024.2.2"
description = "Python package for providing Mozilla's CA Bundle."
optional = false
python-versions = ">=3.6"
files = [
    {file = "certifi-2024.2.2-py3-none-any.whl", hash = "sha256:dc383c07b76109f368f6106eee2b593b04a011ea4d55f652c6ca24a754d1cdd1"},
    {file = "certifi-2024.2.2.tar.gz", hash = "sha256:0569859f95fc761b18b45ef421b1290a0f65f147e92a1e5eb3e635f9a5e4e66f"},
]

[[package]]
name = "charset-normalizer"
version = "3.3.2"
description = "The Real First Universal Charset Detector. Open, modern and actively maintained alternative to Chardet."
optional = false
python-versions = ">=3.7.0"
files = [
    {file = "charset-normalizer-3.3.2.tar.gz", hash = "sha256:f30c3cb33b24454a82faecaf01b19c18562b1e89558fb6c56de4d9118a032fd5"},
    {file = "charset_normalizer-3.3.2-cp310-cp310-macosx_10_9_universal2.whl", hash = "sha256:25baf083bf6f6b341f4121c2f3c548875ee6f5339300e08be3f2b2ba1721cdd3"},
    {file = "charset_normalizer-3.3.2-cp310-cp310-macosx_10_9_x86_64.whl", hash = "sha256:06435b539f889b1f6f4ac1758871aae42dc3a8c0e24ac9e60c2384973ad73027"},
    {file = "charset_normalizer-3.3.2-cp310-cp310-macosx_11_0_arm64.whl", hash = "sha256:9063e24fdb1e498ab71cb7419e24622516c4a04476b17a2dab57e8baa30d6e03"},
    {file = "charset_normalizer-3.3.2-cp310-cp310-manylinux_2_17_aarch64.manylinux2014_aarch64.whl", hash = "sha256:6897af51655e3691ff853668779c7bad41579facacf5fd7253b0133308cf000d"},
    {file = "charset_normalizer-3.3.2-cp310-cp310-manylinux_2_17_ppc64le.manylinux2014_ppc64le.whl", hash = "sha256:1d3193f4a680c64b4b6a9115943538edb896edc190f0b222e73761716519268e"},
    {file = "charset_normalizer-3.3.2-cp310-cp310-manylinux_2_17_s390x.manylinux2014_s390x.whl", hash = "sha256:cd70574b12bb8a4d2aaa0094515df2463cb429d8536cfb6c7ce983246983e5a6"},
    {file = "charset_normalizer-3.3.2-cp310-cp310-manylinux_2_17_x86_64.manylinux2014_x86_64.whl", hash = "sha256:8465322196c8b4d7ab6d1e049e4c5cb460d0394da4a27d23cc242fbf0034b6b5"},
    {file = "charset_normalizer-3.3.2-cp310-cp310-manylinux_2_5_i686.manylinux1_i686.manylinux_2_17_i686.manylinux2014_i686.whl", hash = "sha256:a9a8e9031d613fd2009c182b69c7b2c1ef8239a0efb1df3f7c8da66d5dd3d537"},
    {file = "charset_normalizer-3.3.2-cp310-cp310-musllinux_1_1_aarch64.whl", hash = "sha256:beb58fe5cdb101e3a055192ac291b7a21e3b7ef4f67fa1d74e331a7f2124341c"},
    {file = "charset_normalizer-3.3.2-cp310-cp310-musllinux_1_1_i686.whl", hash = "sha256:e06ed3eb3218bc64786f7db41917d4e686cc4856944f53d5bdf83a6884432e12"},
    {file = "charset_normalizer-3.3.2-cp310-cp310-musllinux_1_1_ppc64le.whl", hash = "sha256:2e81c7b9c8979ce92ed306c249d46894776a909505d8f5a4ba55b14206e3222f"},
    {file = "charset_normalizer-3.3.2-cp310-cp310-musllinux_1_1_s390x.whl", hash = "sha256:572c3763a264ba47b3cf708a44ce965d98555f618ca42c926a9c1616d8f34269"},
    {file = "charset_normalizer-3.3.2-cp310-cp310-musllinux_1_1_x86_64.whl", hash = "sha256:fd1abc0d89e30cc4e02e4064dc67fcc51bd941eb395c502aac3ec19fab46b519"},
    {file = "charset_normalizer-3.3.2-cp310-cp310-win32.whl", hash = "sha256:3d47fa203a7bd9c5b6cee4736ee84ca03b8ef23193c0d1ca99b5089f72645c73"},
    {file = "charset_normalizer-3.3.2-cp310-cp310-win_amd64.whl", hash = "sha256:10955842570876604d404661fbccbc9c7e684caf432c09c715ec38fbae45ae09"},
    {file = "charset_normalizer-3.3.2-cp311-cp311-macosx_10_9_universal2.whl", hash = "sha256:802fe99cca7457642125a8a88a084cef28ff0cf9407060f7b93dca5aa25480db"},
    {file = "charset_normalizer-3.3.2-cp311-cp311-macosx_10_9_x86_64.whl", hash = "sha256:573f6eac48f4769d667c4442081b1794f52919e7edada77495aaed9236d13a96"},
    {file = "charset_normalizer-3.3.2-cp311-cp311-macosx_11_0_arm64.whl", hash = "sha256:549a3a73da901d5bc3ce8d24e0600d1fa85524c10287f6004fbab87672bf3e1e"},
    {file = "charset_normalizer-3.3.2-cp311-cp311-manylinux_2_17_aarch64.manylinux2014_aarch64.whl", hash = "sha256:f27273b60488abe721a075bcca6d7f3964f9f6f067c8c4c605743023d7d3944f"},
    {file = "charset_normalizer-3.3.2-cp311-cp311-manylinux_2_17_ppc64le.manylinux2014_ppc64le.whl", hash = "sha256:1ceae2f17a9c33cb48e3263960dc5fc8005351ee19db217e9b1bb15d28c02574"},
    {file = "charset_normalizer-3.3.2-cp311-cp311-manylinux_2_17_s390x.manylinux2014_s390x.whl", hash = "sha256:65f6f63034100ead094b8744b3b97965785388f308a64cf8d7c34f2f2e5be0c4"},
    {file = "charset_normalizer-3.3.2-cp311-cp311-manylinux_2_17_x86_64.manylinux2014_x86_64.whl", hash = "sha256:753f10e867343b4511128c6ed8c82f7bec3bd026875576dfd88483c5c73b2fd8"},
    {file = "charset_normalizer-3.3.2-cp311-cp311-manylinux_2_5_i686.manylinux1_i686.manylinux_2_17_i686.manylinux2014_i686.whl", hash = "sha256:4a78b2b446bd7c934f5dcedc588903fb2f5eec172f3d29e52a9096a43722adfc"},
    {file = "charset_normalizer-3.3.2-cp311-cp311-musllinux_1_1_aarch64.whl", hash = "sha256:e537484df0d8f426ce2afb2d0f8e1c3d0b114b83f8850e5f2fbea0e797bd82ae"},
    {file = "charset_normalizer-3.3.2-cp311-cp311-musllinux_1_1_i686.whl", hash = "sha256:eb6904c354526e758fda7167b33005998fb68c46fbc10e013ca97f21ca5c8887"},
    {file = "charset_normalizer-3.3.2-cp311-cp311-musllinux_1_1_ppc64le.whl", hash = "sha256:deb6be0ac38ece9ba87dea880e438f25ca3eddfac8b002a2ec3d9183a454e8ae"},
    {file = "charset_normalizer-3.3.2-cp311-cp311-musllinux_1_1_s390x.whl", hash = "sha256:4ab2fe47fae9e0f9dee8c04187ce5d09f48eabe611be8259444906793ab7cbce"},
    {file = "charset_normalizer-3.3.2-cp311-cp311-musllinux_1_1_x86_64.whl", hash = "sha256:80402cd6ee291dcb72644d6eac93785fe2c8b9cb30893c1af5b8fdd753b9d40f"},
    {file = "charset_normalizer-3.3.2-cp311-cp311-win32.whl", hash = "sha256:7cd13a2e3ddeed6913a65e66e94b51d80a041145a026c27e6bb76c31a853c6ab"},
    {file = "charset_normalizer-3.3.2-cp311-cp311-win_amd64.whl", hash = "sha256:663946639d296df6a2bb2aa51b60a2454ca1cb29835324c640dafb5ff2131a77"},
    {file = "charset_normalizer-3.3.2-cp312-cp312-macosx_10_9_universal2.whl", hash = "sha256:0b2b64d2bb6d3fb9112bafa732def486049e63de9618b5843bcdd081d8144cd8"},
    {file = "charset_normalizer-3.3.2-cp312-cp312-macosx_10_9_x86_64.whl", hash = "sha256:ddbb2551d7e0102e7252db79ba445cdab71b26640817ab1e3e3648dad515003b"},
    {file = "charset_normalizer-3.3.2-cp312-cp312-macosx_11_0_arm64.whl", hash = "sha256:55086ee1064215781fff39a1af09518bc9255b50d6333f2e4c74ca09fac6a8f6"},
    {file = "charset_normalizer-3.3.2-cp312-cp312-manylinux_2_17_aarch64.manylinux2014_aarch64.whl", hash = "sha256:8f4a014bc36d3c57402e2977dada34f9c12300af536839dc38c0beab8878f38a"},
    {file = "charset_normalizer-3.3.2-cp312-cp312-manylinux_2_17_ppc64le.manylinux2014_ppc64le.whl", hash = "sha256:a10af20b82360ab00827f916a6058451b723b4e65030c5a18577c8b2de5b3389"},
    {file = "charset_normalizer-3.3.2-cp312-cp312-manylinux_2_17_s390x.manylinux2014_s390x.whl", hash = "sha256:8d756e44e94489e49571086ef83b2bb8ce311e730092d2c34ca8f7d925cb20aa"},
    {file = "charset_normalizer-3.3.2-cp312-cp312-manylinux_2_17_x86_64.manylinux2014_x86_64.whl", hash = "sha256:90d558489962fd4918143277a773316e56c72da56ec7aa3dc3dbbe20fdfed15b"},
    {file = "charset_normalizer-3.3.2-cp312-cp312-manylinux_2_5_i686.manylinux1_i686.manylinux_2_17_i686.manylinux2014_i686.whl", hash = "sha256:6ac7ffc7ad6d040517be39eb591cac5ff87416c2537df6ba3cba3bae290c0fed"},
    {file = "charset_normalizer-3.3.2-cp312-cp312-musllinux_1_1_aarch64.whl", hash = "sha256:7ed9e526742851e8d5cc9e6cf41427dfc6068d4f5a3bb03659444b4cabf6bc26"},
    {file = "charset_normalizer-3.3.2-cp312-cp312-musllinux_1_1_i686.whl", hash = "sha256:8bdb58ff7ba23002a4c5808d608e4e6c687175724f54a5dade5fa8c67b604e4d"},
    {file = "charset_normalizer-3.3.2-cp312-cp312-musllinux_1_1_ppc64le.whl", hash = "sha256:6b3251890fff30ee142c44144871185dbe13b11bab478a88887a639655be1068"},
    {file = "charset_normalizer-3.3.2-cp312-cp312-musllinux_1_1_s390x.whl", hash = "sha256:b4a23f61ce87adf89be746c8a8974fe1c823c891d8f86eb218bb957c924bb143"},
    {file = "charset_normalizer-3.3.2-cp312-cp312-musllinux_1_1_x86_64.whl", hash = "sha256:efcb3f6676480691518c177e3b465bcddf57cea040302f9f4e6e191af91174d4"},
    {file = "charset_normalizer-3.3.2-cp312-cp312-win32.whl", hash = "sha256:d965bba47ddeec8cd560687584e88cf699fd28f192ceb452d1d7ee807c5597b7"},
    {file = "charset_normalizer-3.3.2-cp312-cp312-win_amd64.whl", hash = "sha256:96b02a3dc4381e5494fad39be677abcb5e6634bf7b4fa83a6dd3112607547001"},
    {file = "charset_normalizer-3.3.2-cp37-cp37m-macosx_10_9_x86_64.whl", hash = "sha256:95f2a5796329323b8f0512e09dbb7a1860c46a39da62ecb2324f116fa8fdc85c"},
    {file = "charset_normalizer-3.3.2-cp37-cp37m-manylinux_2_17_aarch64.manylinux2014_aarch64.whl", hash = "sha256:c002b4ffc0be611f0d9da932eb0f704fe2602a9a949d1f738e4c34c75b0863d5"},
    {file = "charset_normalizer-3.3.2-cp37-cp37m-manylinux_2_17_ppc64le.manylinux2014_ppc64le.whl", hash = "sha256:a981a536974bbc7a512cf44ed14938cf01030a99e9b3a06dd59578882f06f985"},
    {file = "charset_normalizer-3.3.2-cp37-cp37m-manylinux_2_17_s390x.manylinux2014_s390x.whl", hash = "sha256:3287761bc4ee9e33561a7e058c72ac0938c4f57fe49a09eae428fd88aafe7bb6"},
    {file = "charset_normalizer-3.3.2-cp37-cp37m-manylinux_2_17_x86_64.manylinux2014_x86_64.whl", hash = "sha256:42cb296636fcc8b0644486d15c12376cb9fa75443e00fb25de0b8602e64c1714"},
    {file = "charset_normalizer-3.3.2-cp37-cp37m-manylinux_2_5_i686.manylinux1_i686.manylinux_2_17_i686.manylinux2014_i686.whl", hash = "sha256:0a55554a2fa0d408816b3b5cedf0045f4b8e1a6065aec45849de2d6f3f8e9786"},
    {file = "charset_normalizer-3.3.2-cp37-cp37m-musllinux_1_1_aarch64.whl", hash = "sha256:c083af607d2515612056a31f0a8d9e0fcb5876b7bfc0abad3ecd275bc4ebc2d5"},
    {file = "charset_normalizer-3.3.2-cp37-cp37m-musllinux_1_1_i686.whl", hash = "sha256:87d1351268731db79e0f8e745d92493ee2841c974128ef629dc518b937d9194c"},
    {file = "charset_normalizer-3.3.2-cp37-cp37m-musllinux_1_1_ppc64le.whl", hash = "sha256:bd8f7df7d12c2db9fab40bdd87a7c09b1530128315d047a086fa3ae3435cb3a8"},
    {file = "charset_normalizer-3.3.2-cp37-cp37m-musllinux_1_1_s390x.whl", hash = "sha256:c180f51afb394e165eafe4ac2936a14bee3eb10debc9d9e4db8958fe36afe711"},
    {file = "charset_normalizer-3.3.2-cp37-cp37m-musllinux_1_1_x86_64.whl", hash = "sha256:8c622a5fe39a48f78944a87d4fb8a53ee07344641b0562c540d840748571b811"},
    {file = "charset_normalizer-3.3.2-cp37-cp37m-win32.whl", hash = "sha256:db364eca23f876da6f9e16c9da0df51aa4f104a972735574842618b8c6d999d4"},
    {file = "charset_normalizer-3.3.2-cp37-cp37m-win_amd64.whl", hash = "sha256:86216b5cee4b06df986d214f664305142d9c76df9b6512be2738aa72a2048f99"},
    {file = "charset_normalizer-3.3.2-cp38-cp38-macosx_10_9_universal2.whl", hash = "sha256:6463effa3186ea09411d50efc7d85360b38d5f09b870c48e4600f63af490e56a"},
    {file = "charset_normalizer-3.3.2-cp38-cp38-macosx_10_9_x86_64.whl", hash = "sha256:6c4caeef8fa63d06bd437cd4bdcf3ffefe6738fb1b25951440d80dc7df8c03ac"},
    {file = "charset_normalizer-3.3.2-cp38-cp38-macosx_11_0_arm64.whl", hash = "sha256:37e55c8e51c236f95b033f6fb391d7d7970ba5fe7ff453dad675e88cf303377a"},
    {file = "charset_normalizer-3.3.2-cp38-cp38-manylinux_2_17_aarch64.manylinux2014_aarch64.whl", hash = "sha256:fb69256e180cb6c8a894fee62b3afebae785babc1ee98b81cdf68bbca1987f33"},
    {file = "charset_normalizer-3.3.2-cp38-cp38-manylinux_2_17_ppc64le.manylinux2014_ppc64le.whl", hash = "sha256:ae5f4161f18c61806f411a13b0310bea87f987c7d2ecdbdaad0e94eb2e404238"},
    {file = "charset_normalizer-3.3.2-cp38-cp38-manylinux_2_17_s390x.manylinux2014_s390x.whl", hash = "sha256:b2b0a0c0517616b6869869f8c581d4eb2dd83a4d79e0ebcb7d373ef9956aeb0a"},
    {file = "charset_normalizer-3.3.2-cp38-cp38-manylinux_2_17_x86_64.manylinux2014_x86_64.whl", hash = "sha256:45485e01ff4d3630ec0d9617310448a8702f70e9c01906b0d0118bdf9d124cf2"},
    {file = "charset_normalizer-3.3.2-cp38-cp38-manylinux_2_5_i686.manylinux1_i686.manylinux_2_17_i686.manylinux2014_i686.whl", hash = "sha256:eb00ed941194665c332bf8e078baf037d6c35d7c4f3102ea2d4f16ca94a26dc8"},
    {file = "charset_normalizer-3.3.2-cp38-cp38-musllinux_1_1_aarch64.whl", hash = "sha256:2127566c664442652f024c837091890cb1942c30937add288223dc895793f898"},
    {file = "charset_normalizer-3.3.2-cp38-cp38-musllinux_1_1_i686.whl", hash = "sha256:a50aebfa173e157099939b17f18600f72f84eed3049e743b68ad15bd69b6bf99"},
    {file = "charset_normalizer-3.3.2-cp38-cp38-musllinux_1_1_ppc64le.whl", hash = "sha256:4d0d1650369165a14e14e1e47b372cfcb31d6ab44e6e33cb2d4e57265290044d"},
    {file = "charset_normalizer-3.3.2-cp38-cp38-musllinux_1_1_s390x.whl", hash = "sha256:923c0c831b7cfcb071580d3f46c4baf50f174be571576556269530f4bbd79d04"},
    {file = "charset_normalizer-3.3.2-cp38-cp38-musllinux_1_1_x86_64.whl", hash = "sha256:06a81e93cd441c56a9b65d8e1d043daeb97a3d0856d177d5c90ba85acb3db087"},
    {file = "charset_normalizer-3.3.2-cp38-cp38-win32.whl", hash = "sha256:6ef1d82a3af9d3eecdba2321dc1b3c238245d890843e040e41e470ffa64c3e25"},
    {file = "charset_normalizer-3.3.2-cp38-cp38-win_amd64.whl", hash = "sha256:eb8821e09e916165e160797a6c17edda0679379a4be5c716c260e836e122f54b"},
    {file = "charset_normalizer-3.3.2-cp39-cp39-macosx_10_9_universal2.whl", hash = "sha256:c235ebd9baae02f1b77bcea61bce332cb4331dc3617d254df3323aa01ab47bd4"},
    {file = "charset_normalizer-3.3.2-cp39-cp39-macosx_10_9_x86_64.whl", hash = "sha256:5b4c145409bef602a690e7cfad0a15a55c13320ff7a3ad7ca59c13bb8ba4d45d"},
    {file = "charset_normalizer-3.3.2-cp39-cp39-macosx_11_0_arm64.whl", hash = "sha256:68d1f8a9e9e37c1223b656399be5d6b448dea850bed7d0f87a8311f1ff3dabb0"},
    {file = "charset_normalizer-3.3.2-cp39-cp39-manylinux_2_17_aarch64.manylinux2014_aarch64.whl", hash = "sha256:22afcb9f253dac0696b5a4be4a1c0f8762f8239e21b99680099abd9b2b1b2269"},
    {file = "charset_normalizer-3.3.2-cp39-cp39-manylinux_2_17_ppc64le.manylinux2014_ppc64le.whl", hash = "sha256:e27ad930a842b4c5eb8ac0016b0a54f5aebbe679340c26101df33424142c143c"},
    {file = "charset_normalizer-3.3.2-cp39-cp39-manylinux_2_17_s390x.manylinux2014_s390x.whl", hash = "sha256:1f79682fbe303db92bc2b1136016a38a42e835d932bab5b3b1bfcfbf0640e519"},
    {file = "charset_normalizer-3.3.2-cp39-cp39-manylinux_2_17_x86_64.manylinux2014_x86_64.whl", hash = "sha256:b261ccdec7821281dade748d088bb6e9b69e6d15b30652b74cbbac25e280b796"},
    {file = "charset_normalizer-3.3.2-cp39-cp39-manylinux_2_5_i686.manylinux1_i686.manylinux_2_17_i686.manylinux2014_i686.whl", hash = "sha256:122c7fa62b130ed55f8f285bfd56d5f4b4a5b503609d181f9ad85e55c89f4185"},
    {file = "charset_normalizer-3.3.2-cp39-cp39-musllinux_1_1_aarch64.whl", hash = "sha256:d0eccceffcb53201b5bfebb52600a5fb483a20b61da9dbc885f8b103cbe7598c"},
    {file = "charset_normalizer-3.3.2-cp39-cp39-musllinux_1_1_i686.whl", hash = "sha256:9f96df6923e21816da7e0ad3fd47dd8f94b2a5ce594e00677c0013018b813458"},
    {file = "charset_normalizer-3.3.2-cp39-cp39-musllinux_1_1_ppc64le.whl", hash = "sha256:7f04c839ed0b6b98b1a7501a002144b76c18fb1c1850c8b98d458ac269e26ed2"},
    {file = "charset_normalizer-3.3.2-cp39-cp39-musllinux_1_1_s390x.whl", hash = "sha256:34d1c8da1e78d2e001f363791c98a272bb734000fcef47a491c1e3b0505657a8"},
    {file = "charset_normalizer-3.3.2-cp39-cp39-musllinux_1_1_x86_64.whl", hash = "sha256:ff8fa367d09b717b2a17a052544193ad76cd49979c805768879cb63d9ca50561"},
    {file = "charset_normalizer-3.3.2-cp39-cp39-win32.whl", hash = "sha256:aed38f6e4fb3f5d6bf81bfa990a07806be9d83cf7bacef998ab1a9bd660a581f"},
    {file = "charset_normalizer-3.3.2-cp39-cp39-win_amd64.whl", hash = "sha256:b01b88d45a6fcb69667cd6d2f7a9aeb4bf53760d7fc536bf679ec94fe9f3ff3d"},
    {file = "charset_normalizer-3.3.2-py3-none-any.whl", hash = "sha256:3e4d1f6587322d2788836a99c69062fbb091331ec940e02d12d179c1d53e25fc"},
]

[[package]]
name = "colorama"
version = "0.4.6"
description = "Cross-platform colored terminal text."
optional = false
python-versions = "!=3.0.*,!=3.1.*,!=3.2.*,!=3.3.*,!=3.4.*,!=3.5.*,!=3.6.*,>=2.7"
files = [
    {file = "colorama-0.4.6-py2.py3-none-any.whl", hash = "sha256:4f1d9991f5acc0ca119f9d443620b77f9d6b33703e51011c16baf57afb285fc6"},
    {file = "colorama-0.4.6.tar.gz", hash = "sha256:08695f5cb7ed6e0531a20572697297273c47b8cae5a63ffc6d6ed5c201be6e44"},
]

[[package]]
name = "confluent-kafka"
version = "2.3.0"
description = "Confluent's Python client for Apache Kafka"
optional = false
python-versions = "*"
files = [
    {file = "confluent-kafka-2.3.0.tar.gz", hash = "sha256:4069e7b56e0baf9db18c053a605213f0ab2d8f23715dca7b3bd97108df446ced"},
    {file = "confluent_kafka-2.3.0-cp310-cp310-macosx_10_9_x86_64.whl", hash = "sha256:5df845755cd3ebb9165ca00fd1d3a7d514c61e84d9fcbe7babb91193fe9b369c"},
    {file = "confluent_kafka-2.3.0-cp310-cp310-macosx_11_0_arm64.whl", hash = "sha256:9ab2217875b731bd390582952e0f9cbe3e7b34774490f01afca70728f0d8b469"},
    {file = "confluent_kafka-2.3.0-cp310-cp310-manylinux_2_17_x86_64.manylinux2014_x86_64.whl", hash = "sha256:62046e8a75c7a6883a0f1f4a635573fd7e1665eeacace65e7f6d59cbaa94697d"},
    {file = "confluent_kafka-2.3.0-cp310-cp310-manylinux_2_28_aarch64.whl", hash = "sha256:1eba38061e9ed1c0a369c129bf01d07499286cc3cb295398b88a7037c14371fb"},
    {file = "confluent_kafka-2.3.0-cp310-cp310-win_amd64.whl", hash = "sha256:a6abece28598fa2b59d2b9399fcec03440aaa73fd207fdad048a6030d7e897e1"},
    {file = "confluent_kafka-2.3.0-cp311-cp311-macosx_10_9_x86_64.whl", hash = "sha256:d55fbdcd75586dd17fe3fe64f4b4efa1c93ce9dd09c275de46f75772826e8860"},
    {file = "confluent_kafka-2.3.0-cp311-cp311-macosx_11_0_arm64.whl", hash = "sha256:ec17b26d6155feeaded4a435ba949095aea9699afb65309d8f22e55722f53c48"},
    {file = "confluent_kafka-2.3.0-cp311-cp311-manylinux_2_17_x86_64.manylinux2014_x86_64.whl", hash = "sha256:e9b42bf1b75fdd9aa20c77b27f166f6289440ac649f70622a0117a8e7aa6169d"},
    {file = "confluent_kafka-2.3.0-cp311-cp311-manylinux_2_28_aarch64.whl", hash = "sha256:7f9f4099aaf2c5daae828d2f356e4277d0ef0485ec883dbe395f0c0e054450d0"},
    {file = "confluent_kafka-2.3.0-cp311-cp311-win_amd64.whl", hash = "sha256:1c6b29d57df99dabd45e67fd0aa46f17f195b057734ad84cf9cfdc2542855c10"},
    {file = "confluent_kafka-2.3.0-cp312-cp312-macosx_10_9_x86_64.whl", hash = "sha256:6b46ce75bda0c092da103dbd55cb0ba429c73c232e70b476b19a0ab247ec9057"},
    {file = "confluent_kafka-2.3.0-cp312-cp312-macosx_11_0_arm64.whl", hash = "sha256:af60af786a7b8cbeafea51a9416664b96b0f5ef6243172b0bc59e5f75e8bd86a"},
    {file = "confluent_kafka-2.3.0-cp312-cp312-manylinux_2_17_x86_64.manylinux2014_x86_64.whl", hash = "sha256:e08b601e09a584c6a4a8c323a71e92fca31a8826ed33b5b95b26783b7a996026"},
    {file = "confluent_kafka-2.3.0-cp312-cp312-manylinux_2_28_aarch64.whl", hash = "sha256:7fd1ab257d4fa0e2a98529e4eb2102cf8352ad6b3d22110d6cf0bb1f598893d9"},
    {file = "confluent_kafka-2.3.0-cp312-cp312-win_amd64.whl", hash = "sha256:1ccf6483d86535627cad7b94982ea95d9fa9ae04ddb552e097c1211ffcde5ea7"},
    {file = "confluent_kafka-2.3.0-cp36-cp36m-macosx_10_9_x86_64.whl", hash = "sha256:030fb237927ec2296882a9bb96237ebf86e48388166b15ec0bbf3fdeb48df81a"},
    {file = "confluent_kafka-2.3.0-cp36-cp36m-manylinux_2_17_x86_64.manylinux2014_x86_64.whl", hash = "sha256:bc24c57a52c206648685e1c536afb8447d1cbbbf3871cacebccf2e5b67bdf535"},
    {file = "confluent_kafka-2.3.0-cp36-cp36m-manylinux_2_28_aarch64.whl", hash = "sha256:25292a9a8ef7765c85636851d6c4d5e5e98d6ead627b59637b24a5779e8a4b02"},
    {file = "confluent_kafka-2.3.0-cp36-cp36m-win_amd64.whl", hash = "sha256:d634d4d9914b0a28ec3e37ab7b150173aa34c81fd5bd0b4dcac972b520ad56cc"},
    {file = "confluent_kafka-2.3.0-cp37-cp37m-macosx_10_9_x86_64.whl", hash = "sha256:ebf460d90478bcd1b4564023a5b081c6e5390b28dbabbb17ee664e223830465d"},
    {file = "confluent_kafka-2.3.0-cp37-cp37m-manylinux_2_17_x86_64.manylinux2014_x86_64.whl", hash = "sha256:cec97f8c6564b16504d30fe42c22fd4a86c406dbcd45c337b93c21e876e20628"},
    {file = "confluent_kafka-2.3.0-cp37-cp37m-manylinux_2_28_aarch64.whl", hash = "sha256:128ddb28c19ab57c18c0e3d8209d089b6b90ff111b20108764f6798468432693"},
    {file = "confluent_kafka-2.3.0-cp37-cp37m-win_amd64.whl", hash = "sha256:0470dc5e56e639693149961409bc6b663df94d68ceae296ae9c42e079fe65d00"},
    {file = "confluent_kafka-2.3.0-cp38-cp38-macosx_10_9_x86_64.whl", hash = "sha256:b539064fef35386936a0d2dadf8a82b8b0ae325af95d9263a2431b82671c4702"},
    {file = "confluent_kafka-2.3.0-cp38-cp38-macosx_11_0_arm64.whl", hash = "sha256:4f9998f781a1da0c9dcb5506792a39799cb54e28c6f986ddc73e362887042f7c"},
    {file = "confluent_kafka-2.3.0-cp38-cp38-manylinux_2_17_x86_64.manylinux2014_x86_64.whl", hash = "sha256:f175e11facaf12130abd5d2d471db39d7cc89126c4d991527cf14e3da22c635c"},
    {file = "confluent_kafka-2.3.0-cp38-cp38-manylinux_2_28_aarch64.whl", hash = "sha256:f9842720ed0debcf4620710e01d356681a4812441f1ff49664fc205d1f9120e5"},
    {file = "confluent_kafka-2.3.0-cp38-cp38-win_amd64.whl", hash = "sha256:cf015e547b82a74a87d7363d0d42e4cd0ca23b01cdb479639a340f385581ea04"},
    {file = "confluent_kafka-2.3.0-cp39-cp39-macosx_10_9_x86_64.whl", hash = "sha256:e5c740ead14a2510e15f63e67b19d48ae48a7f30ef4823d5af125bad528033d1"},
    {file = "confluent_kafka-2.3.0-cp39-cp39-macosx_11_0_arm64.whl", hash = "sha256:6ae5e6a6dcd5ce85b9153c21c9f0b83e0cc88a5955b5334079db76c2267deb63"},
    {file = "confluent_kafka-2.3.0-cp39-cp39-manylinux_2_17_x86_64.manylinux2014_x86_64.whl", hash = "sha256:ca36a8d1d49fd55cca1b7ec3090ca2684a933e63f196f0e3e506194b189fc31e"},
    {file = "confluent_kafka-2.3.0-cp39-cp39-manylinux_2_28_aarch64.whl", hash = "sha256:210f2d346d1006e9b95c5204f7255735d4cb5ec962a3d1a68ac60c02e2763ae4"},
    {file = "confluent_kafka-2.3.0-cp39-cp39-win_amd64.whl", hash = "sha256:cb279e369121e07ccb419220fc039127345a9e5f72f4abf7dda0e2e06a12b604"},
]

[package.extras]
avro = ["avro (>=1.11.1,<2)", "fastavro (>=0.23.0,<1.0)", "fastavro (>=1.0)", "requests"]
dev = ["avro (>=1.11.1,<2)", "fastavro (>=0.23.0,<1.0)", "fastavro (>=1.0)", "flake8", "pytest", "pytest (==4.6.4)", "pytest-timeout", "requests"]
doc = ["avro (>=1.11.1,<2)", "fastavro (>=0.23.0,<1.0)", "fastavro (>=1.0)", "requests", "sphinx", "sphinx-rtd-theme"]
json = ["jsonschema", "pyrsistent", "pyrsistent (==0.16.1)", "requests"]
protobuf = ["protobuf", "requests"]
schema-registry = ["requests"]

[[package]]
name = "idna"
version = "3.7"
description = "Internationalized Domain Names in Applications (IDNA)"
optional = false
python-versions = ">=3.5"
files = [
    {file = "idna-3.7-py3-none-any.whl", hash = "sha256:82fee1fc78add43492d3a1898bfa6d8a904cc97d8427f683ed8e798d07761aa0"},
    {file = "idna-3.7.tar.gz", hash = "sha256:028ff3aadf0609c1fd278d8ea3089299412a7a8b9bd005dd08b9f8285bcb5cfc"},
]

[[package]]
name = "iniconfig"
version = "2.0.0"
description = "brain-dead simple config-ini parsing"
optional = false
python-versions = ">=3.7"
files = [
    {file = "iniconfig-2.0.0-py3-none-any.whl", hash = "sha256:b6a85871a79d2e3b22d2d1b94ac2824226a63c6b741c88f7ae975f18b6778374"},
    {file = "iniconfig-2.0.0.tar.gz", hash = "sha256:2d91e135bf72d31a410b17c16da610a82cb55f6b0477d1a902134b24a455b8b3"},
]

[[package]]
name = "orjson"
version = "3.10.1"
description = "Fast, correct Python JSON library supporting dataclasses, datetimes, and numpy"
optional = false
python-versions = ">=3.8"
files = [
    {file = "orjson-3.10.1-cp310-cp310-macosx_10_15_x86_64.macosx_11_0_arm64.macosx_10_15_universal2.whl", hash = "sha256:8ec2fc456d53ea4a47768f622bb709be68acd455b0c6be57e91462259741c4f3"},
    {file = "orjson-3.10.1-cp310-cp310-manylinux_2_17_aarch64.manylinux2014_aarch64.whl", hash = "sha256:2e900863691d327758be14e2a491931605bd0aded3a21beb6ce133889830b659"},
    {file = "orjson-3.10.1-cp310-cp310-manylinux_2_17_armv7l.manylinux2014_armv7l.whl", hash = "sha256:ab6ecbd6fe57785ebc86ee49e183f37d45f91b46fc601380c67c5c5e9c0014a2"},
    {file = "orjson-3.10.1-cp310-cp310-manylinux_2_17_ppc64le.manylinux2014_ppc64le.whl", hash = "sha256:8af7c68b01b876335cccfb4eee0beef2b5b6eae1945d46a09a7c24c9faac7a77"},
    {file = "orjson-3.10.1-cp310-cp310-manylinux_2_17_s390x.manylinux2014_s390x.whl", hash = "sha256:915abfb2e528677b488a06eba173e9d7706a20fdfe9cdb15890b74ef9791b85e"},
    {file = "orjson-3.10.1-cp310-cp310-manylinux_2_17_x86_64.manylinux2014_x86_64.whl", hash = "sha256:fe3fd4a36eff9c63d25503b439531d21828da9def0059c4f472e3845a081aa0b"},
    {file = "orjson-3.10.1-cp310-cp310-musllinux_1_2_aarch64.whl", hash = "sha256:d229564e72cfc062e6481a91977a5165c5a0fdce11ddc19ced8471847a67c517"},
    {file = "orjson-3.10.1-cp310-cp310-musllinux_1_2_x86_64.whl", hash = "sha256:9e00495b18304173ac843b5c5fbea7b6f7968564d0d49bef06bfaeca4b656f4e"},
    {file = "orjson-3.10.1-cp310-none-win32.whl", hash = "sha256:fd78ec55179545c108174ba19c1795ced548d6cac4d80d014163033c047ca4ea"},
    {file = "orjson-3.10.1-cp310-none-win_amd64.whl", hash = "sha256:50ca42b40d5a442a9e22eece8cf42ba3d7cd4cd0f2f20184b4d7682894f05eec"},
    {file = "orjson-3.10.1-cp311-cp311-macosx_10_15_x86_64.macosx_11_0_arm64.macosx_10_15_universal2.whl", hash = "sha256:b345a3d6953628df2f42502297f6c1e1b475cfbf6268013c94c5ac80e8abc04c"},
    {file = "orjson-3.10.1-cp311-cp311-manylinux_2_17_aarch64.manylinux2014_aarch64.whl", hash = "sha256:caa7395ef51af4190d2c70a364e2f42138e0e5fcb4bc08bc9b76997659b27dab"},
    {file = "orjson-3.10.1-cp311-cp311-manylinux_2_17_armv7l.manylinux2014_armv7l.whl", hash = "sha256:b01d701decd75ae092e5f36f7b88a1e7a1d3bb7c9b9d7694de850fb155578d5a"},
    {file = "orjson-3.10.1-cp311-cp311-manylinux_2_17_ppc64le.manylinux2014_ppc64le.whl", hash = "sha256:b5028981ba393f443d8fed9049211b979cadc9d0afecf162832f5a5b152c6297"},
    {file = "orjson-3.10.1-cp311-cp311-manylinux_2_17_s390x.manylinux2014_s390x.whl", hash = "sha256:31ff6a222ea362b87bf21ff619598a4dc1106aaafaea32b1c4876d692891ec27"},
    {file = "orjson-3.10.1-cp311-cp311-manylinux_2_17_x86_64.manylinux2014_x86_64.whl", hash = "sha256:e852a83d7803d3406135fb7a57cf0c1e4a3e73bac80ec621bd32f01c653849c5"},
    {file = "orjson-3.10.1-cp311-cp311-musllinux_1_2_aarch64.whl", hash = "sha256:2567bc928ed3c3fcd90998009e8835de7c7dc59aabcf764b8374d36044864f3b"},
    {file = "orjson-3.10.1-cp311-cp311-musllinux_1_2_x86_64.whl", hash = "sha256:4ce98cac60b7bb56457bdd2ed7f0d5d7f242d291fdc0ca566c83fa721b52e92d"},
    {file = "orjson-3.10.1-cp311-none-win32.whl", hash = "sha256:813905e111318acb356bb8029014c77b4c647f8b03f314e7b475bd9ce6d1a8ce"},
    {file = "orjson-3.10.1-cp311-none-win_amd64.whl", hash = "sha256:03a3ca0b3ed52bed1a869163a4284e8a7b0be6a0359d521e467cdef7e8e8a3ee"},
    {file = "orjson-3.10.1-cp312-cp312-macosx_10_15_x86_64.macosx_11_0_arm64.macosx_10_15_universal2.whl", hash = "sha256:f02c06cee680b1b3a8727ec26c36f4b3c0c9e2b26339d64471034d16f74f4ef5"},
    {file = "orjson-3.10.1-cp312-cp312-manylinux_2_17_aarch64.manylinux2014_aarch64.whl", hash = "sha256:b1aa2f127ac546e123283e437cc90b5ecce754a22306c7700b11035dad4ccf85"},
    {file = "orjson-3.10.1-cp312-cp312-manylinux_2_17_armv7l.manylinux2014_armv7l.whl", hash = "sha256:2cf29b4b74f585225196944dffdebd549ad2af6da9e80db7115984103fb18a96"},
    {file = "orjson-3.10.1-cp312-cp312-manylinux_2_17_ppc64le.manylinux2014_ppc64le.whl", hash = "sha256:a1b130c20b116f413caf6059c651ad32215c28500dce9cd029a334a2d84aa66f"},
    {file = "orjson-3.10.1-cp312-cp312-manylinux_2_17_s390x.manylinux2014_s390x.whl", hash = "sha256:d31f9a709e6114492136e87c7c6da5e21dfedebefa03af85f3ad72656c493ae9"},
    {file = "orjson-3.10.1-cp312-cp312-manylinux_2_17_x86_64.manylinux2014_x86_64.whl", hash = "sha256:5d1d169461726f271ab31633cf0e7e7353417e16fb69256a4f8ecb3246a78d6e"},
    {file = "orjson-3.10.1-cp312-cp312-musllinux_1_2_aarch64.whl", hash = "sha256:57c294d73825c6b7f30d11c9e5900cfec9a814893af7f14efbe06b8d0f25fba9"},
    {file = "orjson-3.10.1-cp312-cp312-musllinux_1_2_x86_64.whl", hash = "sha256:d7f11dbacfa9265ec76b4019efffabaabba7a7ebf14078f6b4df9b51c3c9a8ea"},
    {file = "orjson-3.10.1-cp312-none-win32.whl", hash = "sha256:d89e5ed68593226c31c76ab4de3e0d35c760bfd3fbf0a74c4b2be1383a1bf123"},
    {file = "orjson-3.10.1-cp312-none-win_amd64.whl", hash = "sha256:aa76c4fe147fd162107ce1692c39f7189180cfd3a27cfbc2ab5643422812da8e"},
    {file = "orjson-3.10.1-cp38-cp38-macosx_10_15_x86_64.macosx_11_0_arm64.macosx_10_15_universal2.whl", hash = "sha256:a2c6a85c92d0e494c1ae117befc93cf8e7bca2075f7fe52e32698da650b2c6d1"},
    {file = "orjson-3.10.1-cp38-cp38-manylinux_2_17_aarch64.manylinux2014_aarch64.whl", hash = "sha256:9813f43da955197d36a7365eb99bed42b83680801729ab2487fef305b9ced866"},
    {file = "orjson-3.10.1-cp38-cp38-manylinux_2_17_armv7l.manylinux2014_armv7l.whl", hash = "sha256:ec917b768e2b34b7084cb6c68941f6de5812cc26c6f1a9fecb728e36a3deb9e8"},
    {file = "orjson-3.10.1-cp38-cp38-manylinux_2_17_ppc64le.manylinux2014_ppc64le.whl", hash = "sha256:5252146b3172d75c8a6d27ebca59c9ee066ffc5a277050ccec24821e68742fdf"},
    {file = "orjson-3.10.1-cp38-cp38-manylinux_2_17_s390x.manylinux2014_s390x.whl", hash = "sha256:536429bb02791a199d976118b95014ad66f74c58b7644d21061c54ad284e00f4"},
    {file = "orjson-3.10.1-cp38-cp38-manylinux_2_17_x86_64.manylinux2014_x86_64.whl", hash = "sha256:7dfed3c3e9b9199fb9c3355b9c7e4649b65f639e50ddf50efdf86b45c6de04b5"},
    {file = "orjson-3.10.1-cp38-cp38-musllinux_1_2_aarch64.whl", hash = "sha256:2b230ec35f188f003f5b543644ae486b2998f6afa74ee3a98fc8ed2e45960afc"},
    {file = "orjson-3.10.1-cp38-cp38-musllinux_1_2_x86_64.whl", hash = "sha256:01234249ba19c6ab1eb0b8be89f13ea21218b2d72d496ef085cfd37e1bae9dd8"},
    {file = "orjson-3.10.1-cp38-none-win32.whl", hash = "sha256:8a884fbf81a3cc22d264ba780920d4885442144e6acaa1411921260416ac9a54"},
    {file = "orjson-3.10.1-cp38-none-win_amd64.whl", hash = "sha256:dab5f802d52b182163f307d2b1f727d30b1762e1923c64c9c56dd853f9671a49"},
    {file = "orjson-3.10.1-cp39-cp39-macosx_10_15_x86_64.macosx_11_0_arm64.macosx_10_15_universal2.whl", hash = "sha256:a51fd55d4486bc5293b7a400f9acd55a2dc3b5fc8420d5ffe9b1d6bb1a056a5e"},
    {file = "orjson-3.10.1-cp39-cp39-manylinux_2_17_aarch64.manylinux2014_aarch64.whl", hash = "sha256:53521542a6db1411b3bfa1b24ddce18605a3abdc95a28a67b33f9145f26aa8f2"},
    {file = "orjson-3.10.1-cp39-cp39-manylinux_2_17_armv7l.manylinux2014_armv7l.whl", hash = "sha256:27d610df96ac18ace4931411d489637d20ab3b8f63562b0531bba16011998db0"},
    {file = "orjson-3.10.1-cp39-cp39-manylinux_2_17_ppc64le.manylinux2014_ppc64le.whl", hash = "sha256:79244b1456e5846d44e9846534bd9e3206712936d026ea8e6a55a7374d2c0694"},
    {file = "orjson-3.10.1-cp39-cp39-manylinux_2_17_s390x.manylinux2014_s390x.whl", hash = "sha256:d751efaa8a49ae15cbebdda747a62a9ae521126e396fda8143858419f3b03610"},
    {file = "orjson-3.10.1-cp39-cp39-manylinux_2_17_x86_64.manylinux2014_x86_64.whl", hash = "sha256:27ff69c620a4fff33267df70cfd21e0097c2a14216e72943bd5414943e376d77"},
    {file = "orjson-3.10.1-cp39-cp39-musllinux_1_2_aarch64.whl", hash = "sha256:ebc58693464146506fde0c4eb1216ff6d4e40213e61f7d40e2f0dde9b2f21650"},
    {file = "orjson-3.10.1-cp39-cp39-musllinux_1_2_x86_64.whl", hash = "sha256:5be608c3972ed902e0143a5b8776d81ac1059436915d42defe5c6ae97b3137a4"},
    {file = "orjson-3.10.1-cp39-none-win32.whl", hash = "sha256:4ae10753e7511d359405aadcbf96556c86e9dbf3a948d26c2c9f9a150c52b091"},
    {file = "orjson-3.10.1-cp39-none-win_amd64.whl", hash = "sha256:fb5bc4caa2c192077fdb02dce4e5ef8639e7f20bec4e3a834346693907362932"},
    {file = "orjson-3.10.1.tar.gz", hash = "sha256:a883b28d73370df23ed995c466b4f6c708c1f7a9bdc400fe89165c96c7603204"},
]

[[package]]
name = "packaging"
version = "24.0"
description = "Core utilities for Python packages"
optional = false
python-versions = ">=3.7"
files = [
    {file = "packaging-24.0-py3-none-any.whl", hash = "sha256:2ddfb553fdf02fb784c234c7ba6ccc288296ceabec964ad2eae3777778130bc5"},
    {file = "packaging-24.0.tar.gz", hash = "sha256:eb82c5e3e56209074766e6885bb04b8c38a0c015d0a30036ebe7ece34c9989e9"},
]

[[package]]
name = "pluggy"
version = "1.5.0"
description = "plugin and hook calling mechanisms for python"
optional = false
python-versions = ">=3.8"
files = [
    {file = "pluggy-1.5.0-py3-none-any.whl", hash = "sha256:44e1ad92c8ca002de6377e165f3e0f1be63266ab4d554740532335b9d75ea669"},
    {file = "pluggy-1.5.0.tar.gz", hash = "sha256:2cffa88e94fdc978c4c574f15f9e59b7f4201d439195c3715ca9e2486f1d0cf1"},
]

[package.extras]
dev = ["pre-commit", "tox"]
testing = ["pytest", "pytest-benchmark"]

[[package]]
name = "pytest"
version = "8.1.1"
description = "pytest: simple powerful testing with Python"
optional = false
python-versions = ">=3.8"
files = [
    {file = "pytest-8.1.1-py3-none-any.whl", hash = "sha256:2a8386cfc11fa9d2c50ee7b2a57e7d898ef90470a7a34c4b949ff59662bb78b7"},
    {file = "pytest-8.1.1.tar.gz", hash = "sha256:ac978141a75948948817d360297b7aae0fcb9d6ff6bc9ec6d514b85d5a65c044"},
]

[package.dependencies]
colorama = {version = "*", markers = "sys_platform == \"win32\""}
iniconfig = "*"
packaging = "*"
pluggy = ">=1.4,<2.0"

[package.extras]
testing = ["argcomplete", "attrs (>=19.2)", "hypothesis (>=3.56)", "mock", "pygments (>=2.7.2)", "requests", "setuptools", "xmlschema"]

[[package]]
name = "pytest-mock"
version = "3.14.0"
description = "Thin-wrapper around the mock package for easier use with pytest"
optional = false
python-versions = ">=3.8"
files = [
    {file = "pytest-mock-3.14.0.tar.gz", hash = "sha256:2719255a1efeceadbc056d6bf3df3d1c5015530fb40cf347c0f9afac88410bd0"},
    {file = "pytest_mock-3.14.0-py3-none-any.whl", hash = "sha256:0b72c38033392a5f4621342fe11e9219ac11ec9d375f8e2a0c164539e0d70f6f"},
]

[package.dependencies]
pytest = ">=6.2.5"

[package.extras]
dev = ["pre-commit", "pytest-asyncio", "tox"]

[[package]]
name = "quixstreams"
version = "2.4.2"
description = "Python library for building stream processing applications with Apache Kafka"
optional = false
python-versions = "<4,>=3.8"
files = [
    {file = "quixstreams-2.4.2-py3-none-any.whl", hash = "sha256:6e81e5201d7539d2f816f7ef8098f4b3b8c308eea8ae7ec5ac17c0917e76fef6"},
]

[package.dependencies]
confluent-kafka = ">=2.2,<2.4"
orjson = ">=3.9,<4"
requests = ">=2.28"
rocksdict = ">=0.3,<0.4"
typing-extensions = ">=4.8,<4.9"

[[package]]
name = "requests"
version = "2.31.0"
description = "Python HTTP for Humans."
optional = false
python-versions = ">=3.7"
files = [
    {file = "requests-2.31.0-py3-none-any.whl", hash = "sha256:58cd2187c01e70e6e26505bca751777aa9f2ee0b7f4300988b709f44e013003f"},
    {file = "requests-2.31.0.tar.gz", hash = "sha256:942c5a758f98d790eaed1a29cb6eefc7ffb0d1cf7af05c3d2791656dbd6ad1e1"},
]

[package.dependencies]
certifi = ">=2017.4.17"
charset-normalizer = ">=2,<4"
idna = ">=2.5,<4"
urllib3 = ">=1.21.1,<3"

[package.extras]
socks = ["PySocks (>=1.5.6,!=1.5.7)"]
use-chardet-on-py3 = ["chardet (>=3.0.2,<6)"]

[[package]]
name = "rocksdict"
version = "0.3.23"
description = "Rocksdb Python Binding"
optional = false
python-versions = "*"
files = [
    {file = "rocksdict-0.3.23-cp310-cp310-macosx_10_14_x86_64.whl", hash = "sha256:e6940f8441a62f4a18a3f33bf6e456ff516a85c5993509bc9a77842dab175d9d"},
    {file = "rocksdict-0.3.23-cp310-cp310-macosx_11_0_arm64.whl", hash = "sha256:476f6f75335b361ca11cd6830651c2b3609407c14a4caedeba2a8ab904864be0"},
    {file = "rocksdict-0.3.23-cp310-cp310-manylinux_2_17_x86_64.manylinux2014_x86_64.whl", hash = "sha256:1a6610565d9ca005dde9bfe8d596a116902d90b6a95c00e94465df15637d066b"},
    {file = "rocksdict-0.3.23-cp310-cp310-manylinux_2_28_aarch64.whl", hash = "sha256:71c1246bb75518b3cb2c9d83a7d305a6bfeca8b02b9dd3c826022fa8286e8436"},
    {file = "rocksdict-0.3.23-cp310-cp310-manylinux_2_28_x86_64.whl", hash = "sha256:baaef3eaa95f85af511f96b1814f4881726fd8570b9512659f0dd60f05c2e2a6"},
    {file = "rocksdict-0.3.23-cp310-none-win_amd64.whl", hash = "sha256:ed01dac8d48842dec925ecc0ca158ff88227273dff269292c14fb78fc6ea56ff"},
    {file = "rocksdict-0.3.23-cp311-cp311-macosx_10_14_x86_64.whl", hash = "sha256:2f64a510e6a8747296ee6c7b108f474f2c6aece4438dba19f545611d4f566973"},
    {file = "rocksdict-0.3.23-cp311-cp311-macosx_11_0_arm64.whl", hash = "sha256:3f2c73a698cb430e5987a9055b982225c33b7d49ef6eb117bdf4415978e50f0c"},
    {file = "rocksdict-0.3.23-cp311-cp311-manylinux_2_17_x86_64.manylinux2014_x86_64.whl", hash = "sha256:ec60d041e55c5e329130852ca01bb67ceedabc88c7d151457c8ab1147d435b23"},
    {file = "rocksdict-0.3.23-cp311-cp311-manylinux_2_28_aarch64.whl", hash = "sha256:6213a126c995a5777882a542226841f79dea746ba457fa6ee060d4158385e698"},
    {file = "rocksdict-0.3.23-cp311-cp311-manylinux_2_28_x86_64.whl", hash = "sha256:62427f4ab972d928b9c9356134c0556f0f8c6e6a8a0052c2df453030646f18d5"},
    {file = "rocksdict-0.3.23-cp311-none-win_amd64.whl", hash = "sha256:cc671b41d5336e14fe7df66dac6faa5ff010676ebf0cf450770c3092ee128674"},
    {file = "rocksdict-0.3.23-cp312-cp312-macosx_10_14_x86_64.whl", hash = "sha256:2a0ca48a11379fd925d387fcfdf1ac269b3cfa854579f1fba2d02a5263931c5c"},
    {file = "rocksdict-0.3.23-cp312-cp312-macosx_11_0_arm64.whl", hash = "sha256:62dce9b1ff48f3d8048a939f87689f5d863dd877153ee2b3f2b2e52ae8e3450c"},
    {file = "rocksdict-0.3.23-cp312-cp312-manylinux_2_17_x86_64.manylinux2014_x86_64.whl", hash = "sha256:3cc24a1b7375fc6de75bd2bab89890a9d47ad45097a90914fce5f5a7995ed36b"},
    {file = "rocksdict-0.3.23-cp312-cp312-manylinux_2_28_aarch64.whl", hash = "sha256:0e09692a9ef85854d12d5b7aab0cdebbce681afc572548bc57259b1f34db9497"},
    {file = "rocksdict-0.3.23-cp312-cp312-manylinux_2_28_x86_64.whl", hash = "sha256:80ac76c9bb23edd36ffce4834ef0b30be6f07bd1529d05104f7637426c9166f8"},
    {file = "rocksdict-0.3.23-cp312-none-win_amd64.whl", hash = "sha256:38dd896afbd623b6d3a8d6fd31bb287ab4df3c7c3dbcb27b61d2541431f17ee2"},
    {file = "rocksdict-0.3.23-cp37-cp37m-macosx_10_14_x86_64.whl", hash = "sha256:f86820d9d74954340eb45008dd21a50705a8df8093672979495c5226ce73b9c2"},
    {file = "rocksdict-0.3.23-cp37-cp37m-macosx_11_0_arm64.whl", hash = "sha256:3d2456d7e6e38e902dacc0d11685247ba9c2bfe3b7d9d43a7788d46eaf24b491"},
    {file = "rocksdict-0.3.23-cp37-cp37m-manylinux_2_17_x86_64.manylinux2014_x86_64.whl", hash = "sha256:507d71f036559256218b7ceb1ad20e07c2eeac3d1121c407b583a090d347c809"},
    {file = "rocksdict-0.3.23-cp37-cp37m-manylinux_2_28_aarch64.whl", hash = "sha256:4045b2781d76425ead6c63168e982690082070293466d709202ef46839eedf48"},
    {file = "rocksdict-0.3.23-cp37-cp37m-manylinux_2_28_x86_64.whl", hash = "sha256:a1726d718159400839b9c3e747e6b0362346680d69c22c7a9bb29f6105a47972"},
    {file = "rocksdict-0.3.23-cp37-none-win_amd64.whl", hash = "sha256:765ecf9b330f3614a02a6e98cf2e0f868ca2debcc05ad8d5900ab3da45dcb2c1"},
    {file = "rocksdict-0.3.23-cp38-cp38-macosx_10_14_x86_64.whl", hash = "sha256:338f2772d286fe7c442a562e91f3443ccb9de5728a1d6de8818ae6345630a17a"},
    {file = "rocksdict-0.3.23-cp38-cp38-macosx_11_0_arm64.whl", hash = "sha256:f2c36a26a9fea06682ee75f08b4b19a8cc1d308770b7f2ebc168bf6716468ad2"},
    {file = "rocksdict-0.3.23-cp38-cp38-manylinux_2_17_x86_64.manylinux2014_x86_64.whl", hash = "sha256:0db204a0950beb632d5c3771bafacdff678f158c045fe0326bfe64e0ae2b49e3"},
    {file = "rocksdict-0.3.23-cp38-cp38-manylinux_2_28_aarch64.whl", hash = "sha256:d31261a9607a5daebb68d23f95f47e8eede794b6bf7632d812e85d8f2f722f2b"},
    {file = "rocksdict-0.3.23-cp38-cp38-manylinux_2_28_x86_64.whl", hash = "sha256:9ab84b22b3212370dcbb6bb89f50a3a502cf0c8faa1b230360e5ed184671bbf7"},
    {file = "rocksdict-0.3.23-cp38-none-win_amd64.whl", hash = "sha256:fa671aec33e32549a2a6f9e5c32c53134c5f49c7ab2bc6c1e0e637c4a81b4957"},
    {file = "rocksdict-0.3.23-cp39-cp39-macosx_10_14_x86_64.whl", hash = "sha256:dfc42feac0a0534872ae56f97fa885aefc971db28ad853be74451adddac643fb"},
    {file = "rocksdict-0.3.23-cp39-cp39-macosx_11_0_arm64.whl", hash = "sha256:15fb4f4ff9c65b28f24f5cf4b846c9e1113dc17d2ebb1da8cebfaea812e8bc74"},
    {file = "rocksdict-0.3.23-cp39-cp39-manylinux_2_17_x86_64.manylinux2014_x86_64.whl", hash = "sha256:fa2a80e14c002bf6b64f0532241e4067cd2635249019a3ee89b906723a93a28a"},
    {file = "rocksdict-0.3.23-cp39-cp39-manylinux_2_28_aarch64.whl", hash = "sha256:fa7f63c340fd32540673f430882bd9ff184cd1670592620436bcfb717e56e681"},
    {file = "rocksdict-0.3.23-cp39-cp39-manylinux_2_28_x86_64.whl", hash = "sha256:b7f59bbfe6bb552e3d003c05e4cdefa6c37bfcf61b19e21d280ff75177119b0e"},
    {file = "rocksdict-0.3.23-cp39-none-win_amd64.whl", hash = "sha256:f541c5c9734fc896eec1c9e33c8604de4f487d4d35a37680afcb80c9495344d1"},
]

[[package]]
name = "typing-extensions"
version = "4.8.0"
description = "Backported and Experimental Type Hints for Python 3.8+"
optional = false
python-versions = ">=3.8"
files = [
    {file = "typing_extensions-4.8.0-py3-none-any.whl", hash = "sha256:8f92fc8806f9a6b641eaa5318da32b44d401efaac0f6678c9bc448ba3605faa0"},
    {file = "typing_extensions-4.8.0.tar.gz", hash = "sha256:df8e4339e9cb77357558cbdbceca33c303714cf861d1eef15e1070055ae8b7ef"},
]

[[package]]
name = "urllib3"
version = "2.2.1"
description = "HTTP library with thread-safe connection pooling, file post, and more."
optional = false
python-versions = ">=3.8"
files = [
    {file = "urllib3-2.2.1-py3-none-any.whl", hash = "sha256:450b20ec296a467077128bff42b73080516e71b56ff59a60a02bef2232c4fa9d"},
    {file = "urllib3-2.2.1.tar.gz", hash = "sha256:d0570876c61ab9e520d776c38acbbb5b05a776d3f9ff98a5c8fd5162a444cf19"},
]

[package.extras]
brotli = ["brotli (>=1.0.9)", "brotlicffi (>=0.8.0)"]
h2 = ["h2 (>=4,<5)"]
socks = ["pysocks (>=1.5.6,!=1.5.7,<2.0)"]
zstd = ["zstandard (>=0.18.0)"]

[metadata]
lock-version = "2.0"
python-versions = "^3.11"
content-hash = "0266a947a72d1150cd01c4b85a23b49c45eee88c0323a344e8f631cb5f9cff4e"
